
Microsoft Visual Studio Solution File, Format Version 12.00
# Visual Studio Version 16
VisualStudioVersion = 16.0.30907.101
MinimumVisualStudioVersion = 10.0.40219.1
Project("{FAE04EC0-301F-11D3-BF4B-00C04F79EFBC}") = "GameProject", "GameProject\GameProject.csproj", "{07135689-3422-4D69-B655-D0582838B394}"
EndProject
Global
	GlobalSection(SolutionConfigurationPlatforms) = preSolution
		Debug|Any CPU = Debug|Any CPU
		Release|Any CPU = Release|Any CPU
	EndGlobalSection
	GlobalSection(ProjectConfigurationPlatforms) = postSolution
		{07135689-3422-4D69-B655-D0582838B394}.Debug|Any CPU.ActiveCfg = Debug|Any CPU
		{07135689-3422-4D69-B655-D0582838B394}.Debug|Any CPU.Build.0 = Debug|Any CPU
		{07135689-3422-4D69-B655-D0582838B394}.Release|Any CPU.ActiveCfg = Release|Any CPU
		{07135689-3422-4D69-B655-D0582838B394}.Release|Any CPU.Build.0 = Release|Any CPU
	EndGlobalSection
	GlobalSection(SolutionProperties) = preSolution
		HideSolutionNode = FALSE
	EndGlobalSection
	GlobalSection(ExtensibilityGlobals) = postSolution
		SolutionGuid = {3D870E9A-79A2-4026-8F0E-BACA2F8CA802}
	EndGlobalSection
EndGlobal
